
Microsoft Visual Studio Solution File, Format Version 12.00
# Visual Studio 15
Project("{FAE04EC0-301F-11D3-BF4B-00C04F79EFBC}") = "HelloWorld", "HelloWorld\HelloWorld.csproj", "{FBEE933B-10FC-4337-A177-027ADD192756}"
EndProject
Global
	GlobalSection(SolutionConfigurationPlatforms) = preSolution
		Debug|Any CPU = Debug|Any CPU
		Release|Any CPU = Release|Any CPU
	EndGlobalSection
	GlobalSection(ProjectConfigurationPlatforms) = postSolution
		{FBEE933B-10FC-4337-A177-027ADD192756}.Debug|Any CPU.ActiveCfg = Debug|Any CPU
		{FBEE933B-10FC-4337-A177-027ADD192756}.Debug|Any CPU.Build.0 = Debug|Any CPU
		{FBEE933B-10FC-4337-A177-027ADD192756}.Release|Any CPU.ActiveCfg = Release|Any CPU
		{FBEE933B-10FC-4337-A177-027ADD192756}.Release|Any CPU.Build.0 = Release|Any CPU
	EndGlobalSection
EndGlobal
